
Microsoft Visual Studio Solution File, Format Version 11.00
# Visual Studio 2010
Project("{FAE04EC0-301F-11D3-BF4B-00C04F79EFBC}") = "natural_language_process", "natural_language_process\natural_language_process.csproj", "{4F30BEBD-9E0B-4B97-805F-1C274A3FE749}"
EndProject
Global
	GlobalSection(SolutionConfigurationPlatforms) = preSolution
		Debug|x86 = Debug|x86
		Release|x86 = Release|x86
	EndGlobalSection
	GlobalSection(ProjectConfigurationPlatforms) = postSolution
		{4F30BEBD-9E0B-4B97-805F-1C274A3FE749}.Debug|x86.ActiveCfg = Debug|x86
		{4F30BEBD-9E0B-4B97-805F-1C274A3FE749}.Debug|x86.Build.0 = Debug|x86
		{4F30BEBD-9E0B-4B97-805F-1C274A3FE749}.Release|x86.ActiveCfg = Release|x86
		{4F30BEBD-9E0B-4B97-805F-1C274A3FE749}.Release|x86.Build.0 = Release|x86
	EndGlobalSection
	GlobalSection(SolutionProperties) = preSolution
		HideSolutionNode = FALSE
	EndGlobalSection
EndGlobal
